
Microsoft Visual Studio Solution File, Format Version 12.00
# Visual Studio Version 17
VisualStudioVersion = 17.9.34728.123
MinimumVisualStudioVersion = 10.0.40219.1
Project("{9A19103F-16F7-4668-BE54-9A1E7A4F7556}") = "PlaygroundDotNetAPI", "PlaygroundDotNetAPI\PlaygroundDotNetAPI.csproj", "{6CF740DB-20F3-4473-9B5C-3C3C000094B1}"
EndProject
Project("{9A19103F-16F7-4668-BE54-9A1E7A4F7556}") = "PlaygroundDotNetAPI.Tests", "PlaygroundDotNetAPI.Tests\PlaygroundDotNetAPI.Tests.csproj", "{E5FF7A73-454A-4858-A89A-5FB611F4A0BA}"
EndProject
Project("{2150E333-8FDC-42A3-9474-1A3956D46DE8}") = "Solution Items", "Solution Items", "{5254A11B-3950-4103-848D-88A255B9A4E4}"
	ProjectSection(SolutionItems) = preProject
		.azure = .azure
		.github = .github
		README.md = README.md
	EndProjectSection
EndProject
Global
	GlobalSection(SolutionConfigurationPlatforms) = preSolution
		Debug|Any CPU = Debug|Any CPU
		Release|Any CPU = Release|Any CPU
	EndGlobalSection
	GlobalSection(ProjectConfigurationPlatforms) = postSolution
		{6CF740DB-20F3-4473-9B5C-3C3C000094B1}.Debug|Any CPU.ActiveCfg = Debug|Any CPU
		{6CF740DB-20F3-4473-9B5C-3C3C000094B1}.Debug|Any CPU.Build.0 = Debug|Any CPU
		{6CF740DB-20F3-4473-9B5C-3C3C000094B1}.Release|Any CPU.ActiveCfg = Release|Any CPU
		{6CF740DB-20F3-4473-9B5C-3C3C000094B1}.Release|Any CPU.Build.0 = Release|Any CPU
		{E5FF7A73-454A-4858-A89A-5FB611F4A0BA}.Debug|Any CPU.ActiveCfg = Debug|Any CPU
		{E5FF7A73-454A-4858-A89A-5FB611F4A0BA}.Debug|Any CPU.Build.0 = Debug|Any CPU
		{E5FF7A73-454A-4858-A89A-5FB611F4A0BA}.Release|Any CPU.ActiveCfg = Release|Any CPU
		{E5FF7A73-454A-4858-A89A-5FB611F4A0BA}.Release|Any CPU.Build.0 = Release|Any CPU
	EndGlobalSection
	GlobalSection(SolutionProperties) = preSolution
		HideSolutionNode = FALSE
	EndGlobalSection
	GlobalSection(ExtensibilityGlobals) = postSolution
		SolutionGuid = {32337A10-9680-44FE-BDD7-891BC3A82FDC}
	EndGlobalSection
EndGlobal
